
Microsoft Visual Studio Solution File, Format Version 12.00
# Visual Studio Version 17
VisualStudioVersion = 17.0.31903.59
MinimumVisualStudioVersion = 10.0.40219.1
Project("{2150E333-8FDC-42A3-9474-1A3956D46DE8}") = "src", "src", "{827E0CD3-B72D-47B6-A68D-7590B98EB39B}"
EndProject
Project("{FAE04EC0-301F-11D3-BF4B-00C04F79EFBC}") = "NexusERP.Api", "src\NexusERP.Api\NexusERP.Api.csproj", "{CFB19EC9-9E14-4372-89D7-DC11EFE6037E}"
EndProject
Project("{FAE04EC0-301F-11D3-BF4B-00C04F79EFBC}") = "NexusERP.Application", "src\NexusERP.Application\NexusERP.Application.csproj", "{DEAF8FBC-FE26-4CE0-AC6D-505972AC6A48}"
EndProject
Project("{FAE04EC0-301F-11D3-BF4B-00C04F79EFBC}") = "NexusERP.Domain", "src\NexusERP.Domain\NexusERP.Domain.csproj", "{5C5D0FAF-BDE5-426B-B85A-F36A5A3AA728}"
EndProject
Project("{FAE04EC0-301F-11D3-BF4B-00C04F79EFBC}") = "NexusERP.Infrastructure", "src\NexusERP.Infrastructure\NexusERP.Infrastructure.csproj", "{5AF08596-DF53-4894-A291-3F2174042FEA}"
EndProject
Project("{2150E333-8FDC-42A3-9474-1A3956D46DE8}") = "tests", "tests", "{0AB3BF05-4346-4AA6-1389-037BE0695223}"
EndProject
Project("{FAE04EC0-301F-11D3-BF4B-00C04F79EFBC}") = "NexusERP.UnitTests", "tests\NexusERP.UnitTests\NexusERP.UnitTests.csproj", "{0EDB350D-8CD9-420A-9A57-83A2BF3DA97D}"
EndProject
Project("{FAE04EC0-301F-11D3-BF4B-00C04F79EFBC}") = "NexusERP.IntegrationTests", "tests\NexusERP.IntegrationTests\NexusERP.IntegrationTests.csproj", "{08F562F6-2890-49CA-96D5-19829FBF98A5}"
EndProject
Project("{FAE04EC0-301F-11D3-BF4B-00C04F79EFBC}") = "NexusERP.Worker", "src\NexusERP.Worker\NexusERP.Worker.csproj", "{3F39C18E-29C0-4830-8189-E368EF18ECED}"
EndProject
Global
	GlobalSection(SolutionConfigurationPlatforms) = preSolution
		Debug|Any CPU = Debug|Any CPU
		Debug|x64 = Debug|x64
		Debug|x86 = Debug|x86
		Release|Any CPU = Release|Any CPU
		Release|x64 = Release|x64
		Release|x86 = Release|x86
	EndGlobalSection
	GlobalSection(ProjectConfigurationPlatforms) = postSolution
		{CFB19EC9-9E14-4372-89D7-DC11EFE6037E}.Debug|Any CPU.ActiveCfg = Debug|Any CPU
		{CFB19EC9-9E14-4372-89D7-DC11EFE6037E}.Debug|Any CPU.Build.0 = Debug|Any CPU
		{CFB19EC9-9E14-4372-89D7-DC11EFE6037E}.Debug|x64.ActiveCfg = Debug|Any CPU
		{CFB19EC9-9E14-4372-89D7-DC11EFE6037E}.Debug|x64.Build.0 = Debug|Any CPU
		{CFB19EC9-9E14-4372-89D7-DC11EFE6037E}.Debug|x86.ActiveCfg = Debug|Any CPU
		{CFB19EC9-9E14-4372-89D7-DC11EFE6037E}.Debug|x86.Build.0 = Debug|Any CPU
		{CFB19EC9-9E14-4372-89D7-DC11EFE6037E}.Release|Any CPU.ActiveCfg = Release|Any CPU
		{CFB19EC9-9E14-4372-89D7-DC11EFE6037E}.Release|Any CPU.Build.0 = Release|Any CPU
		{CFB19EC9-9E14-4372-89D7-DC11EFE6037E}.Release|x64.ActiveCfg = Release|Any CPU
		{CFB19EC9-9E14-4372-89D7-DC11EFE6037E}.Release|x64.Build.0 = Release|Any CPU
		{CFB19EC9-9E14-4372-89D7-DC11EFE6037E}.Release|x86.ActiveCfg = Release|Any CPU
		{CFB19EC9-9E14-4372-89D7-DC11EFE6037E}.Release|x86.Build.0 = Release|Any CPU
		{DEAF8FBC-FE26-4CE0-AC6D-505972AC6A48}.Debug|Any CPU.ActiveCfg = Debug|Any CPU
		{DEAF8FBC-FE26-4CE0-AC6D-505972AC6A48}.Debug|Any CPU.Build.0 = Debug|Any CPU
		{DEAF8FBC-FE26-4CE0-AC6D-505972AC6A48}.Debug|x64.ActiveCfg = Debug|Any CPU
		{DEAF8FBC-FE26-4CE0-AC6D-505972AC6A48}.Debug|x64.Build.0 = Debug|Any CPU
		{DEAF8FBC-FE26-4CE0-AC6D-505972AC6A48}.Debug|x86.ActiveCfg = Debug|Any CPU
		{DEAF8FBC-FE26-4CE0-AC6D-505972AC6A48}.Debug|x86.Build.0 = Debug|Any CPU
		{DEAF8FBC-FE26-4CE0-AC6D-505972AC6A48}.Release|Any CPU.ActiveCfg = Release|Any CPU
		{DEAF8FBC-FE26-4CE0-AC6D-505972AC6A48}.Release|Any CPU.Build.0 = Release|Any CPU
		{DEAF8FBC-FE26-4CE0-AC6D-505972AC6A48}.Release|x64.ActiveCfg = Release|Any CPU
		{DEAF8FBC-FE26-4CE0-AC6D-505972AC6A48}.Release|x64.Build.0 = Release|Any CPU
		{DEAF8FBC-FE26-4CE0-AC6D-505972AC6A48}.Release|x86.ActiveCfg = Release|Any CPU
		{DEAF8FBC-FE26-4CE0-AC6D-505972AC6A48}.Release|x86.Build.0 = Release|Any CPU
		{5C5D0FAF-BDE5-426B-B85A-F36A5A3AA728}.Debug|Any CPU.ActiveCfg = Debug|Any CPU
		{5C5D0FAF-BDE5-426B-B85A-F36A5A3AA728}.Debug|Any CPU.Build.0 = Debug|Any CPU
		{5C5D0FAF-BDE5-426B-B85A-F36A5A3AA728}.Debug|x64.ActiveCfg = Debug|Any CPU
		{5C5D0FAF-BDE5-426B-B85A-F36A5A3AA728}.Debug|x64.Build.0 = Debug|Any CPU
		{5C5D0FAF-BDE5-426B-B85A-F36A5A3AA728}.Debug|x86.ActiveCfg = Debug|Any CPU
		{5C5D0FAF-BDE5-426B-B85A-F36A5A3AA728}.Debug|x86.Build.0 = Debug|Any CPU
		{5C5D0FAF-BDE5-426B-B85A-F36A5A3AA728}.Release|Any CPU.ActiveCfg = Release|Any CPU
		{5C5D0FAF-BDE5-426B-B85A-F36A5A3AA728}.Release|Any CPU.Build.0 = Release|Any CPU
		{5C5D0FAF-BDE5-426B-B85A-F36A5A3AA728}.Release|x64.ActiveCfg = Release|Any CPU
		{5C5D0FAF-BDE5-426B-B85A-F36A5A3AA728}.Release|x64.Build.0 = Release|Any CPU
		{5C5D0FAF-BDE5-426B-B85A-F36A5A3AA728}.Release|x86.ActiveCfg = Release|Any CPU
		{5C5D0FAF-BDE5-426B-B85A-F36A5A3AA728}.Release|x86.Build.0 = Release|Any CPU
		{5AF08596-DF53-4894-A291-3F2174042FEA}.Debug|Any CPU.ActiveCfg = Debug|Any CPU
		{5AF08596-DF53-4894-A291-3F2174042FEA}.Debug|Any CPU.Build.0 = Debug|Any CPU
		{5AF08596-DF53-4894-A291-3F2174042FEA}.Debug|x64.ActiveCfg = Debug|Any CPU
		{5AF08596-DF53-4894-A291-3F2174042FEA}.Debug|x64.Build.0 = Debug|Any CPU
		{5AF08596-DF53-4894-A291-3F2174042FEA}.Debug|x86.ActiveCfg = Debug|Any CPU
		{5AF08596-DF53-4894-A291-3F2174042FEA}.Debug|x86.Build.0 = Debug|Any CPU
		{5AF08596-DF53-4894-A291-3F2174042FEA}.Release|Any CPU.ActiveCfg = Release|Any CPU
		{5AF08596-DF53-4894-A291-3F2174042FEA}.Release|Any CPU.Build.0 = Release|Any CPU
		{5AF08596-DF53-4894-A291-3F2174042FEA}.Release|x64.ActiveCfg = Release|Any CPU
		{5AF08596-DF53-4894-A291-3F2174042FEA}.Release|x64.Build.0 = Release|Any CPU
		{5AF08596-DF53-4894-A291-3F2174042FEA}.Release|x86.ActiveCfg = Release|Any CPU
		{5AF08596-DF53-4894-A291-3F2174042FEA}.Release|x86.Build.0 = Release|Any CPU
		{0EDB350D-8CD9-420A-9A57-83A2BF3DA97D}.Debug|Any CPU.ActiveCfg = Debug|Any CPU
		{0EDB350D-8CD9-420A-9A57-83A2BF3DA97D}.Debug|Any CPU.Build.0 = Debug|Any CPU
		{0EDB350D-8CD9-420A-9A57-83A2BF3DA97D}.Debug|x64.ActiveCfg = Debug|Any CPU
		{0EDB350D-8CD9-420A-9A57-83A2BF3DA97D}.Debug|x64.Build.0 = Debug|Any CPU
		{0EDB350D-8CD9-420A-9A57-83A2BF3DA97D}.Debug|x86.ActiveCfg = Debug|Any CPU
		{0EDB350D-8CD9-420A-9A57-83A2BF3DA97D}.Debug|x86.Build.0 = Debug|Any CPU
		{0EDB350D-8CD9-420A-9A57-83A2BF3DA97D}.Release|Any CPU.ActiveCfg = Release|Any CPU
		{0EDB350D-8CD9-420A-9A57-83A2BF3DA97D}.Release|Any CPU.Build.0 = Release|Any CPU
		{0EDB350D-8CD9-420A-9A57-83A2BF3DA97D}.Release|x64.ActiveCfg = Release|Any CPU
		{0EDB350D-8CD9-420A-9A57-83A2BF3DA97D}.Release|x64.Build.0 = Release|Any CPU
		{0EDB350D-8CD9-420A-9A57-83A2BF3DA97D}.Release|x86.ActiveCfg = Release|Any CPU
		{0EDB350D-8CD9-420A-9A57-83A2BF3DA97D}.Release|x86.Build.0 = Release|Any CPU
		{08F562F6-2890-49CA-96D5-19829FBF98A5}.Debug|Any CPU.ActiveCfg = Debug|Any CPU
		{08F562F6-2890-49CA-96D5-19829FBF98A5}.Debug|Any CPU.Build.0 = Debug|Any CPU
		{08F562F6-2890-49CA-96D5-19829FBF98A5}.Debug|x64.ActiveCfg = Debug|Any CPU
		{08F562F6-2890-49CA-96D5-19829FBF98A5}.Debug|x64.Build.0 = Debug|Any CPU
		{08F562F6-2890-49CA-96D5-19829FBF98A5}.Debug|x86.ActiveCfg = Debug|Any CPU
		{08F562F6-2890-49CA-96D5-19829FBF98A5}.Debug|x86.Build.0 = Debug|Any CPU
		{08F562F6-2890-49CA-96D5-19829FBF98A5}.Release|Any CPU.ActiveCfg = Release|Any CPU
		{08F562F6-2890-49CA-96D5-19829FBF98A5}.Release|Any CPU.Build.0 = Release|Any CPU
		{08F562F6-2890-49CA-96D5-19829FBF98A5}.Release|x64.ActiveCfg = Release|Any CPU
		{08F562F6-2890-49CA-96D5-19829FBF98A5}.Release|x64.Build.0 = Release|Any CPU
		{08F562F6-2890-49CA-96D5-19829FBF98A5}.Release|x86.ActiveCfg = Release|Any CPU
		{08F562F6-2890-49CA-96D5-19829FBF98A5}.Release|x86.Build.0 = Release|Any CPU
		{3F39C18E-29C0-4830-8189-E368EF18ECED}.Debug|Any CPU.ActiveCfg = Debug|Any CPU
		{3F39C18E-29C0-4830-8189-E368EF18ECED}.Debug|Any CPU.Build.0 = Debug|Any CPU
		{3F39C18E-29C0-4830-8189-E368EF18ECED}.Debug|x64.ActiveCfg = Debug|Any CPU
		{3F39C18E-29C0-4830-8189-E368EF18ECED}.Debug|x64.Build.0 = Debug|Any CPU
		{3F39C18E-29C0-4830-8189-E368EF18ECED}.Debug|x86.ActiveCfg = Debug|Any CPU
		{3F39C18E-29C0-4830-8189-E368EF18ECED}.Debug|x86.Build.0 = Debug|Any CPU
		{3F39C18E-29C0-4830-8189-E368EF18ECED}.Release|Any CPU.ActiveCfg = Release|Any CPU
		{3F39C18E-29C0-4830-8189-E368EF18ECED}.Release|Any CPU.Build.0 = Release|Any CPU
		{3F39C18E-29C0-4830-8189-E368EF18ECED}.Release|x64.ActiveCfg = Release|Any CPU
		{3F39C18E-29C0-4830-8189-E368EF18ECED}.Release|x64.Build.0 = Release|Any CPU
		{3F39C18E-29C0-4830-8189-E368EF18ECED}.Release|x86.ActiveCfg = Release|Any CPU
		{3F39C18E-29C0-4830-8189-E368EF18ECED}.Release|x86.Build.0 = Release|Any CPU
	EndGlobalSection
	GlobalSection(SolutionProperties) = preSolution
		HideSolutionNode = FALSE
	EndGlobalSection
	GlobalSection(NestedProjects) = preSolution
		{CFB19EC9-9E14-4372-89D7-DC11EFE6037E} = {827E0CD3-B72D-47B6-A68D-7590B98EB39B}
		{DEAF8FBC-FE26-4CE0-AC6D-505972AC6A48} = {827E0CD3-B72D-47B6-A68D-7590B98EB39B}
		{5C5D0FAF-BDE5-426B-B85A-F36A5A3AA728} = {827E0CD3-B72D-47B6-A68D-7590B98EB39B}
		{5AF08596-DF53-4894-A291-3F2174042FEA} = {827E0CD3-B72D-47B6-A68D-7590B98EB39B}
		{0EDB350D-8CD9-420A-9A57-83A2BF3DA97D} = {0AB3BF05-4346-4AA6-1389-037BE0695223}
		{08F562F6-2890-49CA-96D5-19829FBF98A5} = {0AB3BF05-4346-4AA6-1389-037BE0695223}
		{3F39C18E-29C0-4830-8189-E368EF18ECED} = {827E0CD3-B72D-47B6-A68D-7590B98EB39B}
	EndGlobalSection
EndGlobal
